<?xml version="1.0" encoding="utf-8"?>
<Project ToolsVersion="4.0" xmlns="http://schemas.microsoft.com/developer/msbuild/2003">
  <ItemGroup>
    <Filter Include="Source">
      <UniqueIdentifier>{a56a6adf-fb92-408c-bb31-0b436062aba3}</UniqueIdentifier>
    </Filter>
    <Filter Include="Source\System">
      <UniqueIdentifier>{e272b9c4-4f06-4815-8130-0fc23b4fc31f}</UniqueIdentifier>
    </Filter>
    <Filter Include="Source\System\App">
      <UniqueIdentifier>{d2f6b343-c28d-4285-a491-7750317e1e6f}</UniqueIdentifier>
    </Filter>
    <Filter Include="Resource">
      <UniqueIdentifier>{db6079f1-0cc9-4703-8465-a811d4a81bad}</UniqueIdentifier>
    </Filter>
    <Filter Include="Source\Utility">
      <UniqueIdentifier>{23655bf2-d6b8-49f6-a669-f2090bef667f}</UniqueIdentifier>
    </Filter>
    <Filter Include="Source\Utility\Pool">
      <UniqueIdentifier>{ba26a58a-dfe6-42a0-8c3e-cd0181861211}</UniqueIdentifier>
    </Filter>
    <Filter Include="Source\Utility\Texture">
      <UniqueIdentifier>{b34f0686-eb72-4e29-9fb5-94c08168170e}</UniqueIdentifier>
    </Filter>
    <Filter Include="Source\Utility\Pool\DescriptorPool">
      <UniqueIdentifier>{6a833e9d-796b-467f-87fb-d6e4188663e2}</UniqueIdentifier>
    </Filter>
    <Filter Include="Source\Utility\ConstantBuffer">
      <UniqueIdentifier>{68136f5c-7fcc-48ab-8a89-a381a1bca890}</UniqueIdentifier>
    </Filter>
    <Filter Include="Source\Utility\IndexBuffer">
      <UniqueIdentifier>{3b70fee4-3268-49e7-a0f6-7acdbc834fcb}</UniqueIdentifier>
    </Filter>
    <Filter Include="Source\Utility\VertexBuffer">
      <UniqueIdentifier>{2eb73504-b42c-4ec4-a455-f15555527d21}</UniqueIdentifier>
    </Filter>
    <Filter Include="Source\Utility\ModelLoader">
      <UniqueIdentifier>{82a5fe1c-1cc9-48a6-bab6-5874dcc341da}</UniqueIdentifier>
    </Filter>
    <Filter Include="Source\Utility\Mesh">
      <UniqueIdentifier>{b6766288-cbe3-462a-b46c-209303177b68}</UniqueIdentifier>
    </Filter>
    <Filter Include="Source\Utility\Material">
      <UniqueIdentifier>{c00adb00-06ab-407e-b5cc-ee58cc8b4574}</UniqueIdentifier>
    </Filter>
    <Filter Include="Source\System\DepthTarget">
      <UniqueIdentifier>{4e8da8ad-bdea-4f1c-bddb-ad2432adb3f3}</UniqueIdentifier>
    </Filter>
    <Filter Include="Source\System\Fence">
      <UniqueIdentifier>{440a8008-66c1-4239-b822-dd74e3bac60c}</UniqueIdentifier>
    </Filter>
    <Filter Include="Source\System\CommandList">
      <UniqueIdentifier>{e123c447-9d99-4f1c-bba2-85eb00d83196}</UniqueIdentifier>
    </Filter>
    <Filter Include="Source\System\ColorTarget">
      <UniqueIdentifier>{f708071e-2c59-4847-81f9-78e4719bab81}</UniqueIdentifier>
    </Filter>
    <Filter Include="Source\Utility\ComPtr">
      <UniqueIdentifier>{2fd880d2-b39b-40e8-8aa5-001dcdc46649}</UniqueIdentifier>
    </Filter>
  </ItemGroup>
  <ItemGroup>
    <ClCompile Include="Source\System\App.cpp">
      <Filter>Source\System\App</Filter>
    </ClCompile>
    <ClCompile Include="Source\System\main.cpp">
      <Filter>Source\System</Filter>
    </ClCompile>
    <ClCompile Include="Source\Utility\Pool\DescriptorPool\DescriptorPool.cpp">
      <Filter>Source\Utility\Pool\DescriptorPool</Filter>
    </ClCompile>
    <ClCompile Include="Source\Utility\Texture\Texture.cpp">
      <Filter>Source\Utility\Texture</Filter>
    </ClCompile>
    <ClCompile Include="Source\Utility\ConstantBuffer\ConstantBuffer.cpp">
      <Filter>Source\Utility\ConstantBuffer</Filter>
    </ClCompile>
    <ClCompile Include="Source\Utility\IndexBuffer\IndexBuffer.cpp">
      <Filter>Source\Utility\IndexBuffer</Filter>
    </ClCompile>
    <ClCompile Include="Source\Utility\VertexBuffer\VertexBuffer.cpp">
      <Filter>Source\Utility\VertexBuffer</Filter>
    </ClCompile>
    <ClCompile Include="Source\Utility\ModelLoader\ModelLoader.cpp">
      <Filter>Source\Utility\ModelLoader</Filter>
    </ClCompile>
    <ClCompile Include="Source\Utility\Mesh\Mesh.cpp">
      <Filter>Source\Utility\Mesh</Filter>
    </ClCompile>
    <ClCompile Include="Source\Utility\Material\Material.cpp">
      <Filter>Source\Utility\Material</Filter>
    </ClCompile>
    <ClCompile Include="Source\System\DepthTarget\DepthTarget.cpp">
      <Filter>Source\System\DepthTarget</Filter>
    </ClCompile>
    <ClCompile Include="Source\System\Fence\Fence.cpp">
      <Filter>Source\System\Fence</Filter>
    </ClCompile>
    <ClCompile Include="Source\System\CommandList\CommandList.cpp">
      <Filter>Source\System\CommandList</Filter>
    </ClCompile>
    <ClCompile Include="Source\System\ColorTarget\ColorTarget.cpp">
      <Filter>Source\System\ColorTarget</Filter>
    </ClCompile>
  </ItemGroup>
  <ItemGroup>
    <ClInclude Include="Source\System\App.hpp">
      <Filter>Source\System\App</Filter>
    </ClInclude>
    <ClInclude Include="Source\Utility\Pool\Pool.hpp">
      <Filter>Source\Utility\Pool</Filter>
    </ClInclude>
    <ClInclude Include="Source\Utility\Pool\DescriptorPool\DescriptorPool.hpp">
      <Filter>Source\Utility\Pool\DescriptorPool</Filter>
    </ClInclude>
    <ClInclude Include="Source\Utility\Texture\Texture.hpp">
      <Filter>Source\Utility\Texture</Filter>
    </ClInclude>
    <ClInclude Include="Source\Utility\ConstantBuffer\ConstantBuffer.hpp">
      <Filter>Source\Utility\ConstantBuffer</Filter>
    </ClInclude>
    <ClInclude Include="Source\Utility\IndexBuffer\IndexBuffer.hpp">
      <Filter>Source\Utility\IndexBuffer</Filter>
    </ClInclude>
    <ClInclude Include="Source\Utility\VertexBuffer\VertexBuffer.hpp">
      <Filter>Source\Utility\VertexBuffer</Filter>
    </ClInclude>
    <ClInclude Include="Source\Utility\ModelLoader\ModelLoader.hpp">
      <Filter>Source\Utility\ModelLoader</Filter>
    </ClInclude>
    <ClInclude Include="Source\Utility\Mesh\Mesh.hpp">
      <Filter>Source\Utility\Mesh</Filter>
    </ClInclude>
    <ClInclude Include="Source\Utility\Material\Material.hpp">
      <Filter>Source\Utility\Material</Filter>
    </ClInclude>
    <ClInclude Include="Source\System\DepthTarget\DepthTarget.hpp">
      <Filter>Source\System\DepthTarget</Filter>
    </ClInclude>
    <ClInclude Include="Source\System\Fence\Fence.hpp">
      <Filter>Source\System\Fence</Filter>
    </ClInclude>
    <ClInclude Include="Source\System\CommandList\CommandList.hpp">
      <Filter>Source\System\CommandList</Filter>
    </ClInclude>
    <ClInclude Include="Source\System\ColorTarget\ColorTarget.hpp">
      <Filter>Source\System\ColorTarget</Filter>
    </ClInclude>
    <ClInclude Include="Source\Utility\ComPtr.h">
      <Filter>Source\Utility\ComPtr</Filter>
    </ClInclude>
  </ItemGroup>
  <ItemGroup>
    <FxCompile Include="Resource\SimplePS.hlsl">
      <Filter>Resource</Filter>
    </FxCompile>
    <FxCompile Include="Resource\SimpleVS.hlsl">
      <Filter>Resource</Filter>
    </FxCompile>
    <FxCompile Include="Resource\SimpleTexPS.hlsl">
      <Filter>Resource</Filter>
    </FxCompile>
    <FxCompile Include="Resource\SimpleTexVS.hlsl">
      <Filter>Resource</Filter>
    </FxCompile>
    <FxCompile Include="Resource\LambertVS.hlsl">
      <Filter>Resource</Filter>
    </FxCompile>
    <FxCompile Include="Resource\LambertPS.hlsl">
      <Filter>Resource</Filter>
    </FxCompile>
  </ItemGroup>
  <ItemGroup>
    <None Include="packages.config" />
  </ItemGroup>
</Project>