<?xml version="1.0" encoding="utf-8"?>
<Project ToolsVersion="4.0" xmlns="http://schemas.microsoft.com/developer/msbuild/2003">
  <ItemGroup>
    <Filter Include="Source">
      <UniqueIdentifier>{a56a6adf-fb92-408c-bb31-0b436062aba3}</UniqueIdentifier>
    </Filter>
    <Filter Include="Source\System">
      <UniqueIdentifier>{e272b9c4-4f06-4815-8130-0fc23b4fc31f}</UniqueIdentifier>
    </Filter>
    <Filter Include="Source\System\App">
      <UniqueIdentifier>{d2f6b343-c28d-4285-a491-7750317e1e6f}</UniqueIdentifier>
    </Filter>
    <Filter Include="Resource">
      <UniqueIdentifier>{db6079f1-0cc9-4703-8465-a811d4a81bad}</UniqueIdentifier>
    </Filter>
    <Filter Include="Source\Utility">
      <UniqueIdentifier>{23655bf2-d6b8-49f6-a669-f2090bef667f}</UniqueIdentifier>
    </Filter>
    <Filter Include="Source\Utility\ConstantBuffer">
      <UniqueIdentifier>{68136f5c-7fcc-48ab-8a89-a381a1bca890}</UniqueIdentifier>
    </Filter>
    <Filter Include="Source\Utility\IndexBuffer">
      <UniqueIdentifier>{3b70fee4-3268-49e7-a0f6-7acdbc834fcb}</UniqueIdentifier>
    </Filter>
    <Filter Include="Source\Utility\VertexBuffer">
      <UniqueIdentifier>{2eb73504-b42c-4ec4-a455-f15555527d21}</UniqueIdentifier>
    </Filter>
    <Filter Include="Source\Utility\ComPtr">
      <UniqueIdentifier>{2fd880d2-b39b-40e8-8aa5-001dcdc46649}</UniqueIdentifier>
    </Filter>
    <Filter Include="Source\System\Window">
      <UniqueIdentifier>{af02293c-3b9c-4c5f-a102-da3d471797aa}</UniqueIdentifier>
    </Filter>
    <Filter Include="Source\System\Engine">
      <UniqueIdentifier>{bdb91b84-f06f-4d7a-afbc-b84e627fc6ae}</UniqueIdentifier>
    </Filter>
    <Filter Include="Source\Game">
      <UniqueIdentifier>{d0d192ac-5452-458b-8600-f95a614d0da9}</UniqueIdentifier>
    </Filter>
    <Filter Include="Source\Game\Scene">
      <UniqueIdentifier>{3f65a216-a47a-4219-8332-805ba9281960}</UniqueIdentifier>
    </Filter>
    <Filter Include="Source\Utility\SharedStruct">
      <UniqueIdentifier>{83565e4b-999c-43da-b2f6-a803ca0d1c5f}</UniqueIdentifier>
    </Filter>
    <Filter Include="Source\Utility\Singleton">
      <UniqueIdentifier>{e84186fb-6ce4-4153-b647-42da73f62603}</UniqueIdentifier>
    </Filter>
    <Filter Include="Source\Utility\RootSignature">
      <UniqueIdentifier>{10a00f14-cb76-4dd4-b9b7-a06d7c0e73c1}</UniqueIdentifier>
    </Filter>
    <Filter Include="Source\Utility\PipelineState">
      <UniqueIdentifier>{1150c765-5e44-4bfa-a0de-f18f72599681}</UniqueIdentifier>
    </Filter>
    <Filter Include="Source\Utility\DescriptorHeap">
      <UniqueIdentifier>{ba26a58a-dfe6-42a0-8c3e-cd0181861211}</UniqueIdentifier>
    </Filter>
    <Filter Include="Source\Utility\Input">
      <UniqueIdentifier>{56a60273-c18b-411e-8c63-fcfaa2d10958}</UniqueIdentifier>
    </Filter>
    <Filter Include="Source\Utility\Texture">
      <UniqueIdentifier>{a3da4029-11b6-49df-a96f-0813f0a6254e}</UniqueIdentifier>
    </Filter>
    <Filter Include="Source\Utility\Sound">
      <UniqueIdentifier>{f6c38b53-ad91-434f-bd1a-acbbc511482e}</UniqueIdentifier>
    </Filter>
    <Filter Include="Source\Utility\Transform">
      <UniqueIdentifier>{f7392ca6-973f-459e-bff9-1957aabeaaaa}</UniqueIdentifier>
    </Filter>
    <Filter Include="Source\Game\Actor">
      <UniqueIdentifier>{bcd9ac80-98c1-49e2-b8f6-40769170380f}</UniqueIdentifier>
    </Filter>
    <Filter Include="Source\Utility\Compornent">
      <UniqueIdentifier>{e81d8d46-014d-4960-afed-958ac456a6d0}</UniqueIdentifier>
    </Filter>
    <Filter Include="Source\Utility\Compornent\MeshRenderer">
      <UniqueIdentifier>{adf96f0a-f9c5-41c2-a3a4-062a2eaae115}</UniqueIdentifier>
    </Filter>
    <Filter Include="Source\Utility\Compornent\SpriteRenderer">
      <UniqueIdentifier>{c30740a4-3e92-4b85-a01b-35a8f24e19fb}</UniqueIdentifier>
    </Filter>
    <Filter Include="Source\Utility\Compornent\Camera">
      <UniqueIdentifier>{f2300b1b-6856-4d09-89e8-69836f745cd1}</UniqueIdentifier>
    </Filter>
    <Filter Include="Source\Game\Scene\SceneGame">
      <UniqueIdentifier>{1233e52a-2ce4-45ba-a6a2-af293ee8c673}</UniqueIdentifier>
    </Filter>
    <Filter Include="Source\Game\Actor\MainCamera">
      <UniqueIdentifier>{353a281f-4844-4cb3-8b43-6554e643fd04}</UniqueIdentifier>
    </Filter>
    <Filter Include="Source\Game\Actor\Grid">
      <UniqueIdentifier>{7658827e-c514-4b14-9578-7d2e2c855fd2}</UniqueIdentifier>
    </Filter>
    <Filter Include="Source\Utility\Compornent\Line">
      <UniqueIdentifier>{8d2d5eec-55fb-4bd9-900c-0781ffc920dd}</UniqueIdentifier>
    </Filter>
    <Filter Include="Source\Utility\CameraManager">
      <UniqueIdentifier>{83912790-4132-4724-80e2-6bae82a42f25}</UniqueIdentifier>
    </Filter>
    <Filter Include="Source\Game\Actor\Sprite">
      <UniqueIdentifier>{dc072d78-2755-4ee5-8cf0-0e9726793d46}</UniqueIdentifier>
    </Filter>
    <Filter Include="Source\Utility\Model">
      <UniqueIdentifier>{a35780f2-7d24-4529-a642-7e35664a9516}</UniqueIdentifier>
    </Filter>
    <Filter Include="Source\Game\Actor\Object">
      <UniqueIdentifier>{74c92707-cc75-44fb-a2e9-ce39cebc5c7a}</UniqueIdentifier>
    </Filter>
    <Filter Include="Source\Utility\Animation">
      <UniqueIdentifier>{02a33f10-9211-412e-b2b8-f58e6e5af389}</UniqueIdentifier>
    </Filter>
    <Filter Include="Source\Utility\Compornent\SkeletalAnimator">
      <UniqueIdentifier>{c9ca683c-b282-4180-a3bb-15d03391e826}</UniqueIdentifier>
    </Filter>
    <Filter Include="Source\Utility\Compornent\AnimatorController">
      <UniqueIdentifier>{d45ebf5e-ceda-44aa-979a-7768159cd106}</UniqueIdentifier>
    </Filter>
    <Filter Include="Source\Utility\StateMachine">
      <UniqueIdentifier>{bc87ded4-aaac-4548-bf0e-07b3d7fb510e}</UniqueIdentifier>
    </Filter>
    <Filter Include="Source\Game\Actor\Empty">
      <UniqueIdentifier>{59df4685-d381-438e-ad51-f095329a7cbf}</UniqueIdentifier>
    </Filter>
    <Filter Include="Source\Utility\MaterialManager">
      <UniqueIdentifier>{dc818547-fdb2-4481-8b47-b949ab89e144}</UniqueIdentifier>
    </Filter>
    <Filter Include="Source\Utility\MaterialBase">
      <UniqueIdentifier>{72395144-3d91-40e5-91aa-468e27b930a6}</UniqueIdentifier>
    </Filter>
  </ItemGroup>
  <ItemGroup>
    <ClCompile Include="Source\System\main.cpp">
      <Filter>Source\System</Filter>
    </ClCompile>
    <ClCompile Include="Source\Utility\ConstantBuffer\ConstantBuffer.cpp">
      <Filter>Source\Utility\ConstantBuffer</Filter>
    </ClCompile>
    <ClCompile Include="Source\Utility\IndexBuffer\IndexBuffer.cpp">
      <Filter>Source\Utility\IndexBuffer</Filter>
    </ClCompile>
    <ClCompile Include="Source\Utility\VertexBuffer\VertexBuffer.cpp">
      <Filter>Source\Utility\VertexBuffer</Filter>
    </ClCompile>
    <ClCompile Include="Source\System\Window\Window.cpp">
      <Filter>Source\System\Window</Filter>
    </ClCompile>
    <ClCompile Include="Source\System\App.cpp">
      <Filter>Source\System\App</Filter>
    </ClCompile>
    <ClCompile Include="Source\System\Engine\Engine.cpp">
      <Filter>Source\System\Engine</Filter>
    </ClCompile>
    <ClCompile Include="Source\Utility\Singleton\Singleton.cpp">
      <Filter>Source\Utility\Singleton</Filter>
    </ClCompile>
    <ClCompile Include="Source\Utility\RootSignature\RootSignature.cpp">
      <Filter>Source\Utility\RootSignature</Filter>
    </ClCompile>
    <ClCompile Include="Source\Utility\SharedStruct\SharedStruct.cpp">
      <Filter>Source\Utility\SharedStruct</Filter>
    </ClCompile>
    <ClCompile Include="Source\Utility\PipelineState\PipelineState.cpp">
      <Filter>Source\Utility\PipelineState</Filter>
    </ClCompile>
    <ClCompile Include="Source\Utility\DescriptorHeap\DescriptorHeap.cpp">
      <Filter>Source\Utility\DescriptorHeap</Filter>
    </ClCompile>
    <ClCompile Include="Source\Utility\Input\Input.cpp">
      <Filter>Source\Utility\Input</Filter>
    </ClCompile>
    <ClCompile Include="Source\Utility\Texture\Texture.cpp">
      <Filter>Source\Utility\Texture</Filter>
    </ClCompile>
    <ClCompile Include="Source\Utility\Sound\Sound.cpp">
      <Filter>Source\Utility\Sound</Filter>
    </ClCompile>
    <ClCompile Include="Source\Game\Actor\Actor.cpp">
      <Filter>Source\Game\Actor</Filter>
    </ClCompile>
    <ClCompile Include="Source\Utility\Compornent\Component.cpp">
      <Filter>Source\Utility\Compornent</Filter>
    </ClCompile>
    <ClCompile Include="Source\Utility\Compornent\MeshRenderer\MeshRenderer.cpp">
      <Filter>Source\Utility\Compornent\MeshRenderer</Filter>
    </ClCompile>
    <ClCompile Include="Source\Utility\Compornent\SpriteRenderer\SpriteRenderer.cpp">
      <Filter>Source\Utility\Compornent\SpriteRenderer</Filter>
    </ClCompile>
    <ClCompile Include="Source\Utility\Compornent\Camera\Camera.cpp">
      <Filter>Source\Utility\Compornent\Camera</Filter>
    </ClCompile>
    <ClCompile Include="Source\Game\Scene\SceneBase.cpp">
      <Filter>Source\Game\Scene</Filter>
    </ClCompile>
    <ClCompile Include="Source\Game\Scene\SceneGame\SceneGame.cpp">
      <Filter>Source\Game\Scene\SceneGame</Filter>
    </ClCompile>
    <ClCompile Include="Source\Game\Actor\MainCamera\MainCamera.cpp">
      <Filter>Source\Game\Actor\MainCamera</Filter>
    </ClCompile>
    <ClCompile Include="Source\Game\Actor\Grid\Grid.cpp">
      <Filter>Source\Game\Actor\Grid</Filter>
    </ClCompile>
    <ClCompile Include="Source\Utility\Compornent\Line\Line.cpp">
      <Filter>Source\Utility\Compornent\Line</Filter>
    </ClCompile>
    <ClCompile Include="Source\Utility\CameraManager\CameraManager.cpp">
      <Filter>Source\Utility\CameraManager</Filter>
    </ClCompile>
    <ClCompile Include="Source\Game\Actor\Sprite\Sprite.cpp">
      <Filter>Source\Game\Actor\Sprite</Filter>
    </ClCompile>
    <ClCompile Include="Source\Utility\Model\Model.cpp">
      <Filter>Source\Utility\Model</Filter>
    </ClCompile>
    <ClCompile Include="Source\Game\Actor\Object\Object.cpp">
      <Filter>Source\Game\Actor\Object</Filter>
    </ClCompile>
    <ClCompile Include="Source\Utility\Animation\Animation.cpp">
      <Filter>Source\Utility\Animation</Filter>
    </ClCompile>
    <ClCompile Include="Source\Utility\Compornent\SkeletalAnimator\SkeletalAnimator.cpp">
      <Filter>Source\Utility\Compornent\SkeletalAnimator</Filter>
    </ClCompile>
    <ClCompile Include="Source\Utility\Compornent\AnimatorController\AnimatorController.cpp">
      <Filter>Source\Utility\Compornent\AnimatorController</Filter>
    </ClCompile>
    <ClCompile Include="Source\Utility\StateMachine\StateMachine.cpp">
      <Filter>Source\Utility\StateMachine</Filter>
    </ClCompile>
    <ClCompile Include="Source\Game\Actor\Empty\Empty.cpp">
      <Filter>Source\Game\Actor\Empty</Filter>
    </ClCompile>
    <ClCompile Include="Source\Utility\MaterialManager\MaterialManager.cpp">
      <Filter>Source\Utility\MaterialManager</Filter>
    </ClCompile>
    <ClCompile Include="Source\Utility\MaterialBase\MaterialBase.cpp">
      <Filter>Source\Utility\MaterialBase</Filter>
    </ClCompile>
  </ItemGroup>
  <ItemGroup>
    <ClInclude Include="Source\Utility\ConstantBuffer\ConstantBuffer.hpp">
      <Filter>Source\Utility\ConstantBuffer</Filter>
    </ClInclude>
    <ClInclude Include="Source\Utility\IndexBuffer\IndexBuffer.hpp">
      <Filter>Source\Utility\IndexBuffer</Filter>
    </ClInclude>
    <ClInclude Include="Source\Utility\VertexBuffer\VertexBuffer.hpp">
      <Filter>Source\Utility\VertexBuffer</Filter>
    </ClInclude>
    <ClInclude Include="Source\Utility\ComPtr.h">
      <Filter>Source\Utility\ComPtr</Filter>
    </ClInclude>
    <ClInclude Include="Source\System\Window\Window.hpp">
      <Filter>Source\System\Window</Filter>
    </ClInclude>
    <ClInclude Include="Source\System\App.hpp">
      <Filter>Source\System\App</Filter>
    </ClInclude>
    <ClInclude Include="Source\System\Engine\Engine.hpp">
      <Filter>Source\System\Engine</Filter>
    </ClInclude>
    <ClInclude Include="Source\Utility\SharedStruct\SharedStruct.hpp">
      <Filter>Source\Utility\SharedStruct</Filter>
    </ClInclude>
    <ClInclude Include="Source\Utility\Singleton\Singleton.hpp">
      <Filter>Source\Utility\Singleton</Filter>
    </ClInclude>
    <ClInclude Include="Source\Utility\RootSignature\RootSignature.hpp">
      <Filter>Source\Utility\RootSignature</Filter>
    </ClInclude>
    <ClInclude Include="Source\Utility\PipelineState\PipelineState.hpp">
      <Filter>Source\Utility\PipelineState</Filter>
    </ClInclude>
    <ClInclude Include="Source\Utility\DescriptorHeap\DescriptorHeap.hpp">
      <Filter>Source\Utility\DescriptorHeap</Filter>
    </ClInclude>
    <ClInclude Include="Source\Utility\Input\Input.hpp">
      <Filter>Source\Utility\Input</Filter>
    </ClInclude>
    <ClInclude Include="Source\Utility\Texture\Texture.hpp">
      <Filter>Source\Utility\Texture</Filter>
    </ClInclude>
    <ClInclude Include="Source\Utility\Sound\Sound.hpp">
      <Filter>Source\Utility\Sound</Filter>
    </ClInclude>
    <ClInclude Include="Source\Utility\Transform\Transform.hpp">
      <Filter>Source\Utility\Transform</Filter>
    </ClInclude>
    <ClInclude Include="Source\Game\Actor\Actor.hpp">
      <Filter>Source\Game\Actor</Filter>
    </ClInclude>
    <ClInclude Include="Source\Utility\Compornent\Component.hpp">
      <Filter>Source\Utility\Compornent</Filter>
    </ClInclude>
    <ClInclude Include="Source\Utility\Compornent\MeshRenderer\MeshRenderer.hpp">
      <Filter>Source\Utility\Compornent\MeshRenderer</Filter>
    </ClInclude>
    <ClInclude Include="Source\Utility\Compornent\SpriteRenderer\SpriteRenderer.hpp">
      <Filter>Source\Utility\Compornent\SpriteRenderer</Filter>
    </ClInclude>
    <ClInclude Include="Source\Utility\Compornent\Camera\Camera.hpp">
      <Filter>Source\Utility\Compornent\Camera</Filter>
    </ClInclude>
    <ClInclude Include="Source\System\main.hpp">
      <Filter>Source\System</Filter>
    </ClInclude>
    <ClInclude Include="Source\Game\Scene\SceneBase.hpp">
      <Filter>Source\Game\Scene</Filter>
    </ClInclude>
    <ClInclude Include="Source\Game\Scene\SceneGame\SceneGame.hpp">
      <Filter>Source\Game\Scene\SceneGame</Filter>
    </ClInclude>
    <ClInclude Include="Source\Game\Actor\MainCamera\MainCamera.hpp">
      <Filter>Source\Game\Actor\MainCamera</Filter>
    </ClInclude>
    <ClInclude Include="Source\Game\Actor\Grid\Grid.hpp">
      <Filter>Source\Game\Actor\Grid</Filter>
    </ClInclude>
    <ClInclude Include="Source\Utility\Compornent\Line\Line.hpp">
      <Filter>Source\Utility\Compornent\Line</Filter>
    </ClInclude>
    <ClInclude Include="Source\Utility\CameraManager\CameraManager.hpp">
      <Filter>Source\Utility\CameraManager</Filter>
    </ClInclude>
    <ClInclude Include="Source\Game\Actor\Sprite\Sprite.hpp">
      <Filter>Source\Game\Actor\Sprite</Filter>
    </ClInclude>
    <ClInclude Include="Source\Utility\Model\Model.hpp">
      <Filter>Source\Utility\Model</Filter>
    </ClInclude>
    <ClInclude Include="Source\Game\Actor\Object\Object.hpp">
      <Filter>Source\Game\Actor\Object</Filter>
    </ClInclude>
    <ClInclude Include="Source\Utility\Animation\Animation.hpp">
      <Filter>Source\Utility\Animation</Filter>
    </ClInclude>
    <ClInclude Include="Source\Utility\Compornent\SkeletalAnimator\SkeletalAnimator.hpp">
      <Filter>Source\Utility\Compornent\SkeletalAnimator</Filter>
    </ClInclude>
    <ClInclude Include="Source\Utility\Compornent\AnimatorController\AnimatorController.hpp">
      <Filter>Source\Utility\Compornent\AnimatorController</Filter>
    </ClInclude>
    <ClInclude Include="Source\Utility\StateMachine\StateMachine.hpp">
      <Filter>Source\Utility\StateMachine</Filter>
    </ClInclude>
    <ClInclude Include="Source\Game\Actor\Empty\Empty.hpp">
      <Filter>Source\Game\Actor\Empty</Filter>
    </ClInclude>
    <ClInclude Include="Source\Utility\MaterialManager\MaterialManager.hpp">
      <Filter>Source\Utility\MaterialManager</Filter>
    </ClInclude>
    <ClInclude Include="Source\Utility\MaterialBase\MaterialBase.hpp">
      <Filter>Source\Utility\MaterialBase</Filter>
    </ClInclude>
  </ItemGroup>
  <ItemGroup>
    <FxCompile Include="Resource\SimplePS.hlsl">
      <Filter>Resource</Filter>
    </FxCompile>
    <FxCompile Include="Resource\SimpleVS.hlsl">
      <Filter>Resource</Filter>
    </FxCompile>
    <FxCompile Include="Resource\DebugPS.hlsl">
      <Filter>Resource</Filter>
    </FxCompile>
    <FxCompile Include="Resource\SpritePS.hlsl">
      <Filter>Resource</Filter>
    </FxCompile>
    <FxCompile Include="Resource\SpriteVS.hlsl">
      <Filter>Resource</Filter>
    </FxCompile>
    <FxCompile Include="Resource\LinePS.hlsl">
      <Filter>Resource</Filter>
    </FxCompile>
    <FxCompile Include="Resource\LineVS.hlsl">
      <Filter>Resource</Filter>
    </FxCompile>
    <FxCompile Include="Resource\SkeletalMeshVS.hlsl">
      <Filter>Resource</Filter>
    </FxCompile>
  </ItemGroup>
  <ItemGroup>
    <None Include="packages.config" />
    <None Include="Resource\Common.hlsli">
      <Filter>Resource</Filter>
    </None>
  </ItemGroup>
</Project>